{
  "originHash" : "1cdad840f26e27c38e65d3871f73d0c6d0bf5997ab2a018bc863f95a9a088024",
  "pins" : [
    {
      "identity" : "capacitor-swift-pm",
      "kind" : "remoteSourceControl",
      "location" : "https://github.com/ionic-team/capacitor-swift-pm.git",
      "state" : {
        "revision" : "145cf37b8e3b240efef3d2d8a7262e621f08bb6f",
        "version" : "7.4.4"
      }
    }
  ],
  "version" : 3
}
